
Microsoft Visual Studio Solution File, Format Version 12.00
# Visual Studio Version 17
VisualStudioVersion = 17.0.31808.319
MinimumVisualStudioVersion = 10.0.40219.1
Project("{2150E333-8FDC-42A3-9474-1A3956D46DE8}") = "test", "test", "{975928AB-3C87-4C9E-A2F0-115D947290BD}"
EndProject
Project("{2150E333-8FDC-42A3-9474-1A3956D46DE8}") = "src", "src", "{046B8F0C-E05E-4D05-BA5F-E4017FCABEED}"
EndProject
Project("{9A19103F-16F7-4668-BE54-9A1E7A4F7556}") = "Test", "test\Test\Test.csproj", "{500BCBE0-16AB-4687-B8FE-1044CA0512DE}"
EndProject
Project("{2150E333-8FDC-42A3-9474-1A3956D46DE8}") = "Solution Items", "Solution Items", "{E966EBB6-6555-4BE7-90D2-446C9A692451}"
	ProjectSection(SolutionItems) = preProject
		README.md = README.md
	EndProjectSection
EndProject
Project("{9A19103F-16F7-4668-BE54-9A1E7A4F7556}") = "Compiler.Parser", "src\Compiler.Parser\Compiler.Parser.csproj", "{F890E723-90AF-4C62-BB9E-4B7271383F85}"
EndProject
Project("{9A19103F-16F7-4668-BE54-9A1E7A4F7556}") = "Compiler.Parser.Grammar", "src\Compiler.Parser.Grammar\Compiler.Parser.Grammar.csproj", "{16A3C9FF-629A-4277-BD1B-2AEB78DFFAD4}"
EndProject
Project("{9A19103F-16F7-4668-BE54-9A1E7A4F7556}") = "Compiler", "src\Compiler\Compiler.csproj", "{F3E4E2DB-BB9B-4F46-834A-0BC1C4CAA06C}"
EndProject
Project("{FAE04EC0-301F-11D3-BF4B-00C04F79EFBC}") = "Model.Test", "test\Model.Test\Model.Test.csproj", "{BF600A96-D187-4C1B-BE66-E1147F630F67}"
EndProject
Project("{FAE04EC0-301F-11D3-BF4B-00C04F79EFBC}") = "Compiler.Parser.Test", "test\Compiler.Parser.Test\Compiler.Parser.Test.csproj", "{53B2F070-8FAE-4C82-B6C4-67AAFF195750}"
EndProject
Project("{FAE04EC0-301F-11D3-BF4B-00C04F79EFBC}") = "LanguageServer", "src\LanguageServer\LanguageServer.csproj", "{0D0D1502-6D33-4111-97DC-79E81C10ACC1}"
EndProject
Project("{FAE04EC0-301F-11D3-BF4B-00C04F79EFBC}") = "Cli", "src\Cli\Cli.csproj", "{6DBD3662-7CA3-4594-89DB-3919C88C1752}"
EndProject
Global
	GlobalSection(SolutionConfigurationPlatforms) = preSolution
		Debug|Any CPU = Debug|Any CPU
		Release|Any CPU = Release|Any CPU
	EndGlobalSection
	GlobalSection(ProjectConfigurationPlatforms) = postSolution
		{500BCBE0-16AB-4687-B8FE-1044CA0512DE}.Debug|Any CPU.ActiveCfg = Debug|Any CPU
		{500BCBE0-16AB-4687-B8FE-1044CA0512DE}.Debug|Any CPU.Build.0 = Debug|Any CPU
		{500BCBE0-16AB-4687-B8FE-1044CA0512DE}.Release|Any CPU.ActiveCfg = Release|Any CPU
		{500BCBE0-16AB-4687-B8FE-1044CA0512DE}.Release|Any CPU.Build.0 = Release|Any CPU
		{F890E723-90AF-4C62-BB9E-4B7271383F85}.Debug|Any CPU.ActiveCfg = Debug|Any CPU
		{F890E723-90AF-4C62-BB9E-4B7271383F85}.Debug|Any CPU.Build.0 = Debug|Any CPU
		{F890E723-90AF-4C62-BB9E-4B7271383F85}.Release|Any CPU.ActiveCfg = Release|Any CPU
		{F890E723-90AF-4C62-BB9E-4B7271383F85}.Release|Any CPU.Build.0 = Release|Any CPU
		{16A3C9FF-629A-4277-BD1B-2AEB78DFFAD4}.Debug|Any CPU.ActiveCfg = Debug|Any CPU
		{16A3C9FF-629A-4277-BD1B-2AEB78DFFAD4}.Debug|Any CPU.Build.0 = Debug|Any CPU
		{16A3C9FF-629A-4277-BD1B-2AEB78DFFAD4}.Release|Any CPU.ActiveCfg = Release|Any CPU
		{16A3C9FF-629A-4277-BD1B-2AEB78DFFAD4}.Release|Any CPU.Build.0 = Release|Any CPU
		{F3E4E2DB-BB9B-4F46-834A-0BC1C4CAA06C}.Debug|Any CPU.ActiveCfg = Debug|Any CPU
		{F3E4E2DB-BB9B-4F46-834A-0BC1C4CAA06C}.Debug|Any CPU.Build.0 = Debug|Any CPU
		{F3E4E2DB-BB9B-4F46-834A-0BC1C4CAA06C}.Release|Any CPU.ActiveCfg = Release|Any CPU
		{F3E4E2DB-BB9B-4F46-834A-0BC1C4CAA06C}.Release|Any CPU.Build.0 = Release|Any CPU
		{BF600A96-D187-4C1B-BE66-E1147F630F67}.Debug|Any CPU.ActiveCfg = Debug|Any CPU
		{BF600A96-D187-4C1B-BE66-E1147F630F67}.Debug|Any CPU.Build.0 = Debug|Any CPU
		{BF600A96-D187-4C1B-BE66-E1147F630F67}.Release|Any CPU.ActiveCfg = Release|Any CPU
		{BF600A96-D187-4C1B-BE66-E1147F630F67}.Release|Any CPU.Build.0 = Release|Any CPU
		{53B2F070-8FAE-4C82-B6C4-67AAFF195750}.Debug|Any CPU.ActiveCfg = Debug|Any CPU
		{53B2F070-8FAE-4C82-B6C4-67AAFF195750}.Debug|Any CPU.Build.0 = Debug|Any CPU
		{53B2F070-8FAE-4C82-B6C4-67AAFF195750}.Release|Any CPU.ActiveCfg = Release|Any CPU
		{53B2F070-8FAE-4C82-B6C4-67AAFF195750}.Release|Any CPU.Build.0 = Release|Any CPU
		{0D0D1502-6D33-4111-97DC-79E81C10ACC1}.Debug|Any CPU.ActiveCfg = Debug|Any CPU
		{0D0D1502-6D33-4111-97DC-79E81C10ACC1}.Debug|Any CPU.Build.0 = Debug|Any CPU
		{0D0D1502-6D33-4111-97DC-79E81C10ACC1}.Release|Any CPU.ActiveCfg = Release|Any CPU
		{0D0D1502-6D33-4111-97DC-79E81C10ACC1}.Release|Any CPU.Build.0 = Release|Any CPU
		{6DBD3662-7CA3-4594-89DB-3919C88C1752}.Debug|Any CPU.ActiveCfg = Debug|Any CPU
		{6DBD3662-7CA3-4594-89DB-3919C88C1752}.Debug|Any CPU.Build.0 = Debug|Any CPU
		{6DBD3662-7CA3-4594-89DB-3919C88C1752}.Release|Any CPU.ActiveCfg = Release|Any CPU
		{6DBD3662-7CA3-4594-89DB-3919C88C1752}.Release|Any CPU.Build.0 = Release|Any CPU
	EndGlobalSection
	GlobalSection(SolutionProperties) = preSolution
		HideSolutionNode = FALSE
	EndGlobalSection
	GlobalSection(NestedProjects) = preSolution
		{500BCBE0-16AB-4687-B8FE-1044CA0512DE} = {975928AB-3C87-4C9E-A2F0-115D947290BD}
		{F890E723-90AF-4C62-BB9E-4B7271383F85} = {046B8F0C-E05E-4D05-BA5F-E4017FCABEED}
		{16A3C9FF-629A-4277-BD1B-2AEB78DFFAD4} = {046B8F0C-E05E-4D05-BA5F-E4017FCABEED}
		{F3E4E2DB-BB9B-4F46-834A-0BC1C4CAA06C} = {046B8F0C-E05E-4D05-BA5F-E4017FCABEED}
		{BF600A96-D187-4C1B-BE66-E1147F630F67} = {975928AB-3C87-4C9E-A2F0-115D947290BD}
		{53B2F070-8FAE-4C82-B6C4-67AAFF195750} = {975928AB-3C87-4C9E-A2F0-115D947290BD}
		{0D0D1502-6D33-4111-97DC-79E81C10ACC1} = {046B8F0C-E05E-4D05-BA5F-E4017FCABEED}
		{6DBD3662-7CA3-4594-89DB-3919C88C1752} = {046B8F0C-E05E-4D05-BA5F-E4017FCABEED}
	EndGlobalSection
	GlobalSection(ExtensibilityGlobals) = postSolution
		SolutionGuid = {8E9B8A69-6289-451C-91D0-406FBEF68D16}
	EndGlobalSection
EndGlobal
